# This file is autogenerated, do not edit; changes may be undone by the next 'dep ensure'.


[[projects]]
  branch = "master"
  digest = "1:2c00f064ba355903866cbfbf3f7f4c0fe64af6638cc7d1b8bdcf3181bc67f1d8"
  name = "github.com/btcsuite/btcd"
  packages = ["btcec"]
  pruneopts = "UT"
  revision = "cff30e1d23fc9e800b2b5b4b41ef1817dda07e9f"

[[projects]]
  digest = "1:8e04377493fe92c28f511d08bc7cf58948758b2928f2c5699e439962eb215cae"
  name = "gopkg.in/blockcypher/gobcy.v1"
  packages = ["."]
  pruneopts = "UT"
  revision = "6eace16b4b81ea8dbdcde5417d6b1cc3828a3d1f"
  version = "v1.3.1"

[solve-meta]
  analyzer-name = "dep"
  analyzer-version = 1
  input-imports = ["gopkg.in/blockcypher/gobcy.v1"]
  solver-name = "gps-cdcl"
  solver-version = 1
